// !$*UTF8*$!
{
	archiveVersion = 1;
	classes = {
	};
	objectVersion = 56;
	objects = {

/* Begin PBXBuildFile section */
		C92B97412D018ED200EFC30A /* hikeData.json in Resources */ = {isa = PBXBuildFile; fileRef = C92B97402D018ED200EFC30A /* hikeData.json */; };
		C92B97432D018EED00EFC30A /* Hike.swift in Sources */ = {isa = PBXBuildFile; fileRef = C92B97422D018EED00EFC30A /* Hike.swift */; };
		C92B97492D0190C700EFC30A /* HikeDetail.swift in Sources */ = {isa = PBXBuildFile; fileRef = C92B97452D0190C700EFC30A /* HikeDetail.swift */; };
		C92B974A2D0190C700EFC30A /* GraphCapsule.swift in Sources */ = {isa = PBXBuildFile; fileRef = C92B97442D0190C700EFC30A /* GraphCapsule.swift */; };
		C92B974B2D0190C700EFC30A /* HikeView.swift in Sources */ = {isa = PBXBuildFile; fileRef = C92B97472D0190C700EFC30A /* HikeView.swift */; };
		C92B974C2D0190C700EFC30A /* HikeGraph.swift in Sources */ = {isa = PBXBuildFile; fileRef = C92B97462D0190C700EFC30A /* HikeGraph.swift */; };
		C938DE602CF84BF3009505E1 /* CategoryHome.swift in Sources */ = {isa = PBXBuildFile; fileRef = C938DE5F2CF84BF3009505E1 /* CategoryHome.swift */; };
		C938DE622CF850B7009505E1 /* CategoryRow.swift in Sources */ = {isa = PBXBuildFile; fileRef = C938DE612CF850B7009505E1 /* CategoryRow.swift */; };
		C938DE642CF8525A009505E1 /* CategoryItem.swift in Sources */ = {isa = PBXBuildFile; fileRef = C938DE632CF8525A009505E1 /* CategoryItem.swift */; };
		C95D4AF92D02CA6F000CA6C1 /* HikeBadge.swift in Sources */ = {isa = PBXBuildFile; fileRef = C95D4AF82D02CA6F000CA6C1 /* HikeBadge.swift */; };
		C95D73592CB4CD9D00B739EE /* LandmarksApp.swift in Sources */ = {isa = PBXBuildFile; fileRef = C95D73582CB4CD9D00B739EE /* LandmarksApp.swift */; };
		C95D735B2CB4CD9D00B739EE /* ContentView.swift in Sources */ = {isa = PBXBuildFile; fileRef = C95D735A2CB4CD9D00B739EE /* ContentView.swift */; };
		C95D735D2CB4CD9F00B739EE /* Assets.xcassets in Resources */ = {isa = PBXBuildFile; fileRef = C95D735C2CB4CD9F00B739EE /* Assets.xcassets */; };
		C95D73602CB4CD9F00B739EE /* Preview Assets.xcassets in Resources */ = {isa = PBXBuildFile; fileRef = C95D735F2CB4CD9F00B739EE /* Preview Assets.xcassets */; };
		C95D736A2CB4CD9F00B739EE /* LandmarksTests.swift in Sources */ = {isa = PBXBuildFile; fileRef = C95D73692CB4CD9F00B739EE /* LandmarksTests.swift */; };
		C95D73742CB4CD9F00B739EE /* LandmarksUITests.swift in Sources */ = {isa = PBXBuildFile; fileRef = C95D73732CB4CD9F00B739EE /* LandmarksUITests.swift */; };
		C95D73762CB4CD9F00B739EE /* LandmarksUITestsLaunchTests.swift in Sources */ = {isa = PBXBuildFile; fileRef = C95D73752CB4CD9F00B739EE /* LandmarksUITestsLaunchTests.swift */; };
		C95D73852CB4F41400B739EE /* CircleImage.swift in Sources */ = {isa = PBXBuildFile; fileRef = C95D73842CB4F41400B739EE /* CircleImage.swift */; };
		C95D73872CB4F5D300B739EE /* MapView.swift in Sources */ = {isa = PBXBuildFile; fileRef = C95D73862CB4F5D300B739EE /* MapView.swift */; };
		C96706302CF9B5F9008087B1 /* BadgeSymbol.swift in Sources */ = {isa = PBXBuildFile; fileRef = C967062F2CF9B5F8008087B1 /* BadgeSymbol.swift */; };
		C96706322CF9B778008087B1 /* RotatedBadgeSymbol.swift in Sources */ = {isa = PBXBuildFile; fileRef = C96706312CF9B778008087B1 /* RotatedBadgeSymbol.swift */; };
		C96706342CF9BAA2008087B1 /* Badge.swift in Sources */ = {isa = PBXBuildFile; fileRef = C96706332CF9BAA2008087B1 /* Badge.swift */; };
		C969DA752D02C62D002D5D28 /* Profile.swift in Sources */ = {isa = PBXBuildFile; fileRef = C969DA742D02C62D002D5D28 /* Profile.swift */; };
		C969DA7A2D02C6EC002D5D28 /* ProfileHost.swift in Sources */ = {isa = PBXBuildFile; fileRef = C969DA792D02C6EC002D5D28 /* ProfileHost.swift */; };
		C969DA7C2D02C784002D5D28 /* ProfileSummary.swift in Sources */ = {isa = PBXBuildFile; fileRef = C969DA7B2D02C784002D5D28 /* ProfileSummary.swift */; };
		C9A4EF872CB6846300037DF2 /* landmarkData.json in Resources */ = {isa = PBXBuildFile; fileRef = C9A4EF862CB6846300037DF2 /* landmarkData.json */; };
		C9A4EF892CB6849000037DF2 /* Landmark.swift in Sources */ = {isa = PBXBuildFile; fileRef = C9A4EF882CB6849000037DF2 /* Landmark.swift */; };
		C9A4EF8B2CB687B100037DF2 /* ModelData.swift in Sources */ = {isa = PBXBuildFile; fileRef = C9A4EF8A2CB687B100037DF2 /* ModelData.swift */; };
		C9B1A8D82CF7079A00343433 /* FavoriteButton.swift in Sources */ = {isa = PBXBuildFile; fileRef = C9B1A8D72CF7079A00343433 /* FavoriteButton.swift */; };
		C9D4FF752CB7905E0018812F /* LandmarkRow.swift in Sources */ = {isa = PBXBuildFile; fileRef = C9D4FF742CB7905E0018812F /* LandmarkRow.swift */; };
		C9D4FF772CB795BF0018812F /* LandmarkList.swift in Sources */ = {isa = PBXBuildFile; fileRef = C9D4FF762CB795BF0018812F /* LandmarkList.swift */; };
		C9D4FF792CB798EE0018812F /* LandmarkDetail.swift in Sources */ = {isa = PBXBuildFile; fileRef = C9D4FF782CB798EE0018812F /* LandmarkDetail.swift */; };
		C9D8D8C22CF8648300BECCD6 /* HexagonParameters.swift in Sources */ = {isa = PBXBuildFile; fileRef = C9D8D8C12CF8648300BECCD6 /* HexagonParameters.swift */; };
		C9D8D8C42CF8664F00BECCD6 /* BadgeBackground.swift in Sources */ = {isa = PBXBuildFile; fileRef = C9D8D8C32CF8664F00BECCD6 /* BadgeBackground.swift */; };
/* End PBXBuildFile section */

/* Begin PBXContainerItemProxy section */
		C95D73662CB4CD9F00B739EE /* PBXContainerItemProxy */ = {
			isa = PBXContainerItemProxy;
			containerPortal = C95D734D2CB4CD9D00B739EE /* Project object */;
			proxyType = 1;
			remoteGlobalIDString = C95D73542CB4CD9D00B739EE;
			remoteInfo = Landmarks;
		};
		C95D73702CB4CD9F00B739EE /* PBXContainerItemProxy */ = {
			isa = PBXContainerItemProxy;
			containerPortal = C95D734D2CB4CD9D00B739EE /* Project object */;
			proxyType = 1;
			remoteGlobalIDString = C95D73542CB4CD9D00B739EE;
			remoteInfo = Landmarks;
		};
/* End PBXContainerItemProxy section */

/* Begin PBXFileReference section */
		C92B97402D018ED200EFC30A /* hikeData.json */ = {isa = PBXFileReference; lastKnownFileType = text.json; path = hikeData.json; sourceTree = "<group>"; };
		C92B97422D018EED00EFC30A /* Hike.swift */ = {isa = PBXFileReference; lastKnownFileType = sourcecode.swift; path = Hike.swift; sourceTree = "<group>"; };
		C92B97442D0190C700EFC30A /* GraphCapsule.swift */ = {isa = PBXFileReference; lastKnownFileType = sourcecode.swift; path = GraphCapsule.swift; sourceTree = "<group>"; };
		C92B97452D0190C700EFC30A /* HikeDetail.swift */ = {isa = PBXFileReference; lastKnownFileType = sourcecode.swift; path = HikeDetail.swift; sourceTree = "<group>"; };
		C92B97462D0190C700EFC30A /* HikeGraph.swift */ = {isa = PBXFileReference; lastKnownFileType = sourcecode.swift; path = HikeGraph.swift; sourceTree = "<group>"; };
		C92B97472D0190C700EFC30A /* HikeView.swift */ = {isa = PBXFileReference; lastKnownFileType = sourcecode.swift; path = HikeView.swift; sourceTree = "<group>"; };
		C938DE5F2CF84BF3009505E1 /* CategoryHome.swift */ = {isa = PBXFileReference; lastKnownFileType = sourcecode.swift; path = CategoryHome.swift; sourceTree = "<group>"; };
		C938DE612CF850B7009505E1 /* CategoryRow.swift */ = {isa = PBXFileReference; lastKnownFileType = sourcecode.swift; path = CategoryRow.swift; sourceTree = "<group>"; };
		C938DE632CF8525A009505E1 /* CategoryItem.swift */ = {isa = PBXFileReference; lastKnownFileType = sourcecode.swift; path = CategoryItem.swift; sourceTree = "<group>"; };
		C95D4AF82D02CA6F000CA6C1 /* HikeBadge.swift */ = {isa = PBXFileReference; lastKnownFileType = sourcecode.swift; path = HikeBadge.swift; sourceTree = "<group>"; };
		C95D73552CB4CD9D00B739EE /* Landmarks.app */ = {isa = PBXFileReference; explicitFileType = wrapper.application; includeInIndex = 0; path = Landmarks.app; sourceTree = BUILT_PRODUCTS_DIR; };
		C95D73582CB4CD9D00B739EE /* LandmarksApp.swift */ = {isa = PBXFileReference; lastKnownFileType = sourcecode.swift; path = LandmarksApp.swift; sourceTree = "<group>"; };
		C95D735A2CB4CD9D00B739EE /* ContentView.swift */ = {isa = PBXFileReference; lastKnownFileType = sourcecode.swift; path = ContentView.swift; sourceTree = "<group>"; };
		C95D735C2CB4CD9F00B739EE /* Assets.xcassets */ = {isa = PBXFileReference; lastKnownFileType = folder.assetcatalog; path = Assets.xcassets; sourceTree = "<group>"; };
		C95D735F2CB4CD9F00B739EE /* Preview Assets.xcassets */ = {isa = PBXFileReference; lastKnownFileType = folder.assetcatalog; path = "Preview Assets.xcassets"; sourceTree = "<group>"; };
		C95D73652CB4CD9F00B739EE /* LandmarksTests.xctest */ = {isa = PBXFileReference; explicitFileType = wrapper.cfbundle; includeInIndex = 0; path = LandmarksTests.xctest; sourceTree = BUILT_PRODUCTS_DIR; };
		C95D73692CB4CD9F00B739EE /* LandmarksTests.swift */ = {isa = PBXFileReference; lastKnownFileType = sourcecode.swift; path = LandmarksTests.swift; sourceTree = "<group>"; };
		C95D736F2CB4CD9F00B739EE /* LandmarksUITests.xctest */ = {isa = PBXFileReference; explicitFileType = wrapper.cfbundle; includeInIndex = 0; path = LandmarksUITests.xctest; sourceTree = BUILT_PRODUCTS_DIR; };
		C95D73732CB4CD9F00B739EE /* LandmarksUITests.swift */ = {isa = PBXFileReference; lastKnownFileType = sourcecode.swift; path = LandmarksUITests.swift; sourceTree = "<group>"; };
		C95D73752CB4CD9F00B739EE /* LandmarksUITestsLaunchTests.swift */ = {isa = PBXFileReference; lastKnownFileType = sourcecode.swift; path = LandmarksUITestsLaunchTests.swift; sourceTree = "<group>"; };
		C95D73842CB4F41400B739EE /* CircleImage.swift */ = {isa = PBXFileReference; lastKnownFileType = sourcecode.swift; path = CircleImage.swift; sourceTree = "<group>"; };
		C95D73862CB4F5D300B739EE /* MapView.swift */ = {isa = PBXFileReference; lastKnownFileType = sourcecode.swift; path = MapView.swift; sourceTree = "<group>"; };
		C967062F2CF9B5F8008087B1 /* BadgeSymbol.swift */ = {isa = PBXFileReference; lastKnownFileType = sourcecode.swift; path = BadgeSymbol.swift; sourceTree = "<group>"; };
		C96706312CF9B778008087B1 /* RotatedBadgeSymbol.swift */ = {isa = PBXFileReference; lastKnownFileType = sourcecode.swift; path = RotatedBadgeSymbol.swift; sourceTree = "<group>"; };
		C96706332CF9BAA2008087B1 /* Badge.swift */ = {isa = PBXFileReference; lastKnownFileType = sourcecode.swift; path = Badge.swift; sourceTree = "<group>"; };
		C969DA742D02C62D002D5D28 /* Profile.swift */ = {isa = PBXFileReference; lastKnownFileType = sourcecode.swift; path = Profile.swift; sourceTree = "<group>"; };
		C969DA792D02C6EC002D5D28 /* ProfileHost.swift */ = {isa = PBXFileReference; lastKnownFileType = sourcecode.swift; path = ProfileHost.swift; sourceTree = "<group>"; };
		C969DA7B2D02C784002D5D28 /* ProfileSummary.swift */ = {isa = PBXFileReference; lastKnownFileType = sourcecode.swift; path = ProfileSummary.swift; sourceTree = "<group>"; };
		C9A4EF862CB6846300037DF2 /* landmarkData.json */ = {isa = PBXFileReference; fileEncoding = 4; lastKnownFileType = text.json; path = landmarkData.json; sourceTree = "<group>"; };
		C9A4EF882CB6849000037DF2 /* Landmark.swift */ = {isa = PBXFileReference; lastKnownFileType = sourcecode.swift; path = Landmark.swift; sourceTree = "<group>"; };
		C9A4EF8A2CB687B100037DF2 /* ModelData.swift */ = {isa = PBXFileReference; lastKnownFileType = sourcecode.swift; path = ModelData.swift; sourceTree = "<group>"; };
		C9B1A8D72CF7079A00343433 /* FavoriteButton.swift */ = {isa = PBXFileReference; lastKnownFileType = sourcecode.swift; path = FavoriteButton.swift; sourceTree = "<group>"; };
		C9D4FF742CB7905E0018812F /* LandmarkRow.swift */ = {isa = PBXFileReference; lastKnownFileType = sourcecode.swift; path = LandmarkRow.swift; sourceTree = "<group>"; };
		C9D4FF762CB795BF0018812F /* LandmarkList.swift */ = {isa = PBXFileReference; lastKnownFileType = sourcecode.swift; path = LandmarkList.swift; sourceTree = "<group>"; };
		C9D4FF782CB798EE0018812F /* LandmarkDetail.swift */ = {isa = PBXFileReference; lastKnownFileType = sourcecode.swift; path = LandmarkDetail.swift; sourceTree = "<group>"; };
		C9D8D8C12CF8648300BECCD6 /* HexagonParameters.swift */ = {isa = PBXFileReference; lastKnownFileType = sourcecode.swift; path = HexagonParameters.swift; sourceTree = "<group>"; };
		C9D8D8C32CF8664F00BECCD6 /* BadgeBackground.swift */ = {isa = PBXFileReference; lastKnownFileType = sourcecode.swift; path = BadgeBackground.swift; sourceTree = "<group>"; };
/* End PBXFileReference section */

/* Begin PBXFrameworksBuildPhase section */
		C95D73522CB4CD9D00B739EE /* Frameworks */ = {
			isa = PBXFrameworksBuildPhase;
			buildActionMask = 2147483647;
			files = (
			);
			runOnlyForDeploymentPostprocessing = 0;
		};
		C95D73622CB4CD9F00B739EE /* Frameworks */ = {
			isa = PBXFrameworksBuildPhase;
			buildActionMask = 2147483647;
			files = (
			);
			runOnlyForDeploymentPostprocessing = 0;
		};
		C95D736C2CB4CD9F00B739EE /* Frameworks */ = {
			isa = PBXFrameworksBuildPhase;
			buildActionMask = 2147483647;
			files = (
			);
			runOnlyForDeploymentPostprocessing = 0;
		};
/* End PBXFrameworksBuildPhase section */

/* Begin PBXGroup section */
		C92B97482D0190C700EFC30A /* Hikes */ = {
			isa = PBXGroup;
			children = (
				C95D4AF82D02CA6F000CA6C1 /* HikeBadge.swift */,
				C92B97442D0190C700EFC30A /* GraphCapsule.swift */,
				C92B97452D0190C700EFC30A /* HikeDetail.swift */,
				C92B97462D0190C700EFC30A /* HikeGraph.swift */,
				C92B97472D0190C700EFC30A /* HikeView.swift */,
			);
			path = Hikes;
			sourceTree = "<group>";
		};
		C938DE5E2CF84BDD009505E1 /* Categories */ = {
			isa = PBXGroup;
			children = (
				C938DE5F2CF84BF3009505E1 /* CategoryHome.swift */,
				C938DE612CF850B7009505E1 /* CategoryRow.swift */,
				C938DE632CF8525A009505E1 /* CategoryItem.swift */,
			);
			path = Categories;
			sourceTree = "<group>";
		};
		C95D734C2CB4CD9D00B739EE = {
			isa = PBXGroup;
			children = (
				C95D73572CB4CD9D00B739EE /* Landmarks */,
				C95D73682CB4CD9F00B739EE /* LandmarksTests */,
				C95D73722CB4CD9F00B739EE /* LandmarksUITests */,
				C95D73562CB4CD9D00B739EE /* Products */,
			);
			sourceTree = "<group>";
		};
		C95D73562CB4CD9D00B739EE /* Products */ = {
			isa = PBXGroup;
			children = (
				C95D73552CB4CD9D00B739EE /* Landmarks.app */,
				C95D73652CB4CD9F00B739EE /* LandmarksTests.xctest */,
				C95D736F2CB4CD9F00B739EE /* LandmarksUITests.xctest */,
			);
			name = Products;
			sourceTree = "<group>";
		};
		C95D73572CB4CD9D00B739EE /* Landmarks */ = {
			isa = PBXGroup;
			children = (
				C95D73582CB4CD9D00B739EE /* LandmarksApp.swift */,
				C9A4EF8C2CB688A000037DF2 /* Views */,
				C95D735C2CB4CD9F00B739EE /* Assets.xcassets */,
				C9A4EF8E2CB688D700037DF2 /* Resources */,
				C9A4EF8D2CB688BA00037DF2 /* Model */,
				C95D735E2CB4CD9F00B739EE /* Preview Content */,
			);
			path = Landmarks;
			sourceTree = "<group>";
		};
		C95D735E2CB4CD9F00B739EE /* Preview Content */ = {
			isa = PBXGroup;
			children = (
				C95D735F2CB4CD9F00B739EE /* Preview Assets.xcassets */,
			);
			path = "Preview Content";
			sourceTree = "<group>";
		};
		C95D73682CB4CD9F00B739EE /* LandmarksTests */ = {
			isa = PBXGroup;
			children = (
				C95D73692CB4CD9F00B739EE /* LandmarksTests.swift */,
			);
			path = LandmarksTests;
			sourceTree = "<group>";
		};
		C95D73722CB4CD9F00B739EE /* LandmarksUITests */ = {
			isa = PBXGroup;
			children = (
				C95D73732CB4CD9F00B739EE /* LandmarksUITests.swift */,
				C95D73752CB4CD9F00B739EE /* LandmarksUITestsLaunchTests.swift */,
			);
			path = LandmarksUITests;
			sourceTree = "<group>";
		};
		C96706352CF9BC4E008087B1 /* Badges */ = {
			isa = PBXGroup;
			children = (
				C96706332CF9BAA2008087B1 /* Badge.swift */,
				C9D8D8C32CF8664F00BECCD6 /* BadgeBackground.swift */,
				C967062F2CF9B5F8008087B1 /* BadgeSymbol.swift */,
				C96706312CF9B778008087B1 /* RotatedBadgeSymbol.swift */,
				C9D8D8C12CF8648300BECCD6 /* HexagonParameters.swift */,
			);
			path = Badges;
			sourceTree = "<group>";
		};
		C969DA782D02C6D8002D5D28 /* Profiles */ = {
			isa = PBXGroup;
			children = (
				C969DA792D02C6EC002D5D28 /* ProfileHost.swift */,
				C969DA7B2D02C784002D5D28 /* ProfileSummary.swift */,
			);
			path = Profiles;
			sourceTree = "<group>";
		};
		C9A4EF8C2CB688A000037DF2 /* Views */ = {
			isa = PBXGroup;
			children = (
				C95D735A2CB4CD9D00B739EE /* ContentView.swift */,
				C969DA782D02C6D8002D5D28 /* Profiles */,
				C96706352CF9BC4E008087B1 /* Badges */,
				C938DE5E2CF84BDD009505E1 /* Categories */,
				C9B1A8DA2CF7095000343433 /* Landmarks */,
				C92B97482D0190C700EFC30A /* Hikes */,
				C9B1A8D92CF7093B00343433 /* Helpers */,
			);
			path = Views;
			sourceTree = "<group>";
		};
		C9A4EF8D2CB688BA00037DF2 /* Model */ = {
			isa = PBXGroup;
			children = (
				C9A4EF8A2CB687B100037DF2 /* ModelData.swift */,
				C92B97422D018EED00EFC30A /* Hike.swift */,
				C9A4EF882CB6849000037DF2 /* Landmark.swift */,
				C969DA742D02C62D002D5D28 /* Profile.swift */,
			);
			path = Model;
			sourceTree = "<group>";
		};
		C9A4EF8E2CB688D700037DF2 /* Resources */ = {
			isa = PBXGroup;
			children = (
				C92B97402D018ED200EFC30A /* hikeData.json */,
				C9A4EF862CB6846300037DF2 /* landmarkData.json */,
			);
			path = Resources;
			sourceTree = "<group>";
		};
		C9B1A8D92CF7093B00343433 /* Helpers */ = {
			isa = PBXGroup;
			children = (
				C95D73862CB4F5D300B739EE /* MapView.swift */,
				C95D73842CB4F41400B739EE /* CircleImage.swift */,
				C9B1A8D72CF7079A00343433 /* FavoriteButton.swift */,
			);
			path = Helpers;
			sourceTree = "<group>";
		};
		C9B1A8DA2CF7095000343433 /* Landmarks */ = {
			isa = PBXGroup;
			children = (
				C9D4FF742CB7905E0018812F /* LandmarkRow.swift */,
				C9D4FF762CB795BF0018812F /* LandmarkList.swift */,
				C9D4FF782CB798EE0018812F /* LandmarkDetail.swift */,
			);
			path = Landmarks;
			sourceTree = "<group>";
		};
/* End PBXGroup section */

/* Begin PBXNativeTarget section */
		C95D73542CB4CD9D00B739EE /* Landmarks */ = {
			isa = PBXNativeTarget;
			buildConfigurationList = C95D73792CB4CD9F00B739EE /* Build configuration list for PBXNativeTarget "Landmarks" */;
			buildPhases = (
				C95D73512CB4CD9D00B739EE /* Sources */,
				C95D73522CB4CD9D00B739EE /* Frameworks */,
				C95D73532CB4CD9D00B739EE /* Resources */,
			);
			buildRules = (
			);
			dependencies = (
			);
			name = Landmarks;
			productName = Landmarks;
			productReference = C95D73552CB4CD9D00B739EE /* Landmarks.app */;
			productType = "com.apple.product-type.application";
		};
		C95D73642CB4CD9F00B739EE /* LandmarksTests */ = {
			isa = PBXNativeTarget;
			buildConfigurationList = C95D737C2CB4CD9F00B739EE /* Build configuration list for PBXNativeTarget "LandmarksTests" */;
			buildPhases = (
				C95D73612CB4CD9F00B739EE /* Sources */,
				C95D73622CB4CD9F00B739EE /* Frameworks */,
				C95D73632CB4CD9F00B739EE /* Resources */,
			);
			buildRules = (
			);
			dependencies = (
				C95D73672CB4CD9F00B739EE /* PBXTargetDependency */,
			);
			name = LandmarksTests;
			productName = LandmarksTests;
			productReference = C95D73652CB4CD9F00B739EE /* LandmarksTests.xctest */;
			productType = "com.apple.product-type.bundle.unit-test";
		};
		C95D736E2CB4CD9F00B739EE /* LandmarksUITests */ = {
			isa = PBXNativeTarget;
			buildConfigurationList = C95D737F2CB4CD9F00B739EE /* Build configuration list for PBXNativeTarget "LandmarksUITests" */;
			buildPhases = (
				C95D736B2CB4CD9F00B739EE /* Sources */,
				C95D736C2CB4CD9F00B739EE /* Frameworks */,
				C95D736D2CB4CD9F00B739EE /* Resources */,
			);
			buildRules = (
			);
			dependencies = (
				C95D73712CB4CD9F00B739EE /* PBXTargetDependency */,
			);
			name = LandmarksUITests;
			productName = LandmarksUITests;
			productReference = C95D736F2CB4CD9F00B739EE /* LandmarksUITests.xctest */;
			productType = "com.apple.product-type.bundle.ui-testing";
		};
/* End PBXNativeTarget section */

/* Begin PBXProject section */
		C95D734D2CB4CD9D00B739EE /* Project object */ = {
			isa = PBXProject;
			attributes = {
				BuildIndependentTargetsInParallel = 1;
				LastSwiftUpdateCheck = 1540;
				LastUpgradeCheck = 1540;
				TargetAttributes = {
					C95D73542CB4CD9D00B739EE = {
						CreatedOnToolsVersion = 15.4;
					};
					C95D73642CB4CD9F00B739EE = {
						CreatedOnToolsVersion = 15.4;
						TestTargetID = C95D73542CB4CD9D00B739EE;
					};
					C95D736E2CB4CD9F00B739EE = {
						CreatedOnToolsVersion = 15.4;
						TestTargetID = C95D73542CB4CD9D00B739EE;
					};
				};
			};
			buildConfigurationList = C95D73502CB4CD9D00B739EE /* Build configuration list for PBXProject "Landmarks" */;
			compatibilityVersion = "Xcode 14.0";
			developmentRegion = en;
			hasScannedForEncodings = 0;
			knownRegions = (
				en,
				Base,
			);
			mainGroup = C95D734C2CB4CD9D00B739EE;
			productRefGroup = C95D73562CB4CD9D00B739EE /* Products */;
			projectDirPath = "";
			projectRoot = "";
			targets = (
				C95D73542CB4CD9D00B739EE /* Landmarks */,
				C95D73642CB4CD9F00B739EE /* LandmarksTests */,
				C95D736E2CB4CD9F00B739EE /* LandmarksUITests */,
			);
		};
/* End PBXProject section */

/* Begin PBXResourcesBuildPhase section */
		C95D73532CB4CD9D00B739EE /* Resources */ = {
			isa = PBXResourcesBuildPhase;
			buildActionMask = 2147483647;
			files = (
				C92B97412D018ED200EFC30A /* hikeData.json in Resources */,
				C95D73602CB4CD9F00B739EE /* Preview Assets.xcassets in Resources */,
				C95D735D2CB4CD9F00B739EE /* Assets.xcassets in Resources */,
				C9A4EF872CB6846300037DF2 /* landmarkData.json in Resources */,
			);
			runOnlyForDeploymentPostprocessing = 0;
		};
		C95D73632CB4CD9F00B739EE /* Resources */ = {
			isa = PBXResourcesBuildPhase;
			buildActionMask = 2147483647;
			files = (
			);
			runOnlyForDeploymentPostprocessing = 0;
		};
		C95D736D2CB4CD9F00B739EE /* Resources */ = {
			isa = PBXResourcesBuildPhase;
			buildActionMask = 2147483647;
			files = (
			);
			runOnlyForDeploymentPostprocessing = 0;
		};
/* End PBXResourcesBuildPhase section */

/* Begin PBXSourcesBuildPhase section */
		C95D73512CB4CD9D00B739EE /* Sources */ = {
			isa = PBXSourcesBuildPhase;
			buildActionMask = 2147483647;
			files = (
				C9D8D8C22CF8648300BECCD6 /* HexagonParameters.swift in Sources */,
				C969DA752D02C62D002D5D28 /* Profile.swift in Sources */,
				C95D735B2CB4CD9D00B739EE /* ContentView.swift in Sources */,
				C9A4EF8B2CB687B100037DF2 /* ModelData.swift in Sources */,
				C92B97432D018EED00EFC30A /* Hike.swift in Sources */,
				C95D73872CB4F5D300B739EE /* MapView.swift in Sources */,
				C9B1A8D82CF7079A00343433 /* FavoriteButton.swift in Sources */,
				C96706322CF9B778008087B1 /* RotatedBadgeSymbol.swift in Sources */,
				C96706302CF9B5F9008087B1 /* BadgeSymbol.swift in Sources */,
				C96706342CF9BAA2008087B1 /* Badge.swift in Sources */,
				C938DE602CF84BF3009505E1 /* CategoryHome.swift in Sources */,
				C9D4FF772CB795BF0018812F /* LandmarkList.swift in Sources */,
				C969DA7C2D02C784002D5D28 /* ProfileSummary.swift in Sources */,
				C9D4FF792CB798EE0018812F /* LandmarkDetail.swift in Sources */,
				C969DA7A2D02C6EC002D5D28 /* ProfileHost.swift in Sources */,
				C95D73592CB4CD9D00B739EE /* LandmarksApp.swift in Sources */,
				C938DE642CF8525A009505E1 /* CategoryItem.swift in Sources */,
				C95D73852CB4F41400B739EE /* CircleImage.swift in Sources */,
				C9D4FF752CB7905E0018812F /* LandmarkRow.swift in Sources */,
				C938DE622CF850B7009505E1 /* CategoryRow.swift in Sources */,
				C92B97492D0190C700EFC30A /* HikeDetail.swift in Sources */,
				C92B974A2D0190C700EFC30A /* GraphCapsule.swift in Sources */,
				C95D4AF92D02CA6F000CA6C1 /* HikeBadge.swift in Sources */,
				C92B974B2D0190C700EFC30A /* HikeView.swift in Sources */,
				C92B974C2D0190C700EFC30A /* HikeGraph.swift in Sources */,
				C9D8D8C42CF8664F00BECCD6 /* BadgeBackground.swift in Sources */,
				C9A4EF892CB6849000037DF2 /* Landmark.swift in Sources */,
			);
			runOnlyForDeploymentPostprocessing = 0;
		};
		C95D73612CB4CD9F00B739EE /* Sources */ = {
			isa = PBXSourcesBuildPhase;
			buildActionMask = 2147483647;
			files = (
				C95D736A2CB4CD9F00B739EE /* LandmarksTests.swift in Sources */,
			);
			runOnlyForDeploymentPostprocessing = 0;
		};
		C95D736B2CB4CD9F00B739EE /* Sources */ = {
			isa = PBXSourcesBuildPhase;
			buildActionMask = 2147483647;
			files = (
				C95D73762CB4CD9F00B739EE /* LandmarksUITestsLaunchTests.swift in Sources */,
				C95D73742CB4CD9F00B739EE /* LandmarksUITests.swift in Sources */,
			);
			runOnlyForDeploymentPostprocessing = 0;
		};
/* End PBXSourcesBuildPhase section */

/* Begin PBXTargetDependency section */
		C95D73672CB4CD9F00B739EE /* PBXTargetDependency */ = {
			isa = PBXTargetDependency;
			target = C95D73542CB4CD9D00B739EE /* Landmarks */;
			targetProxy = C95D73662CB4CD9F00B739EE /* PBXContainerItemProxy */;
		};
		C95D73712CB4CD9F00B739EE /* PBXTargetDependency */ = {
			isa = PBXTargetDependency;
			target = C95D73542CB4CD9D00B739EE /* Landmarks */;
			targetProxy = C95D73702CB4CD9F00B739EE /* PBXContainerItemProxy */;
		};
/* End PBXTargetDependency section */

/* Begin XCBuildConfiguration section */
		C95D73772CB4CD9F00B739EE /* Debug */ = {
			isa = XCBuildConfiguration;
			buildSettings = {
				ALWAYS_SEARCH_USER_PATHS = NO;
				ASSETCATALOG_COMPILER_GENERATE_SWIFT_ASSET_SYMBOL_EXTENSIONS = YES;
				CLANG_ANALYZER_NONNULL = YES;
				CLANG_ANALYZER_NUMBER_OBJECT_CONVERSION = YES_AGGRESSIVE;
				CLANG_CXX_LANGUAGE_STANDARD = "gnu++20";
				CLANG_ENABLE_MODULES = YES;
				CLANG_ENABLE_OBJC_ARC = YES;
				CLANG_ENABLE_OBJC_WEAK = YES;
				CLANG_WARN_BLOCK_CAPTURE_AUTORELEASING = YES;
				CLANG_WARN_BOOL_CONVERSION = YES;
				CLANG_WARN_COMMA = YES;
				CLANG_WARN_CONSTANT_CONVERSION = YES;
				CLANG_WARN_DEPRECATED_OBJC_IMPLEMENTATIONS = YES;
				CLANG_WARN_DIRECT_OBJC_ISA_USAGE = YES_ERROR;
				CLANG_WARN_DOCUMENTATION_COMMENTS = YES;
				CLANG_WARN_EMPTY_BODY = YES;
				CLANG_WARN_ENUM_CONVERSION = YES;
				CLANG_WARN_INFINITE_RECURSION = YES;
				CLANG_WARN_INT_CONVERSION = YES;
				CLANG_WARN_NON_LITERAL_NULL_CONVERSION = YES;
				CLANG_WARN_OBJC_IMPLICIT_RETAIN_SELF = YES;
				CLANG_WARN_OBJC_LITERAL_CONVERSION = YES;
				CLANG_WARN_OBJC_ROOT_CLASS = YES_ERROR;
				CLANG_WARN_QUOTED_INCLUDE_IN_FRAMEWORK_HEADER = YES;
				CLANG_WARN_RANGE_LOOP_ANALYSIS = YES;
				CLANG_WARN_STRICT_PROTOTYPES = YES;
				CLANG_WARN_SUSPICIOUS_MOVE = YES;
				CLANG_WARN_UNGUARDED_AVAILABILITY = YES_AGGRESSIVE;
				CLANG_WARN_UNREACHABLE_CODE = YES;
				CLANG_WARN__DUPLICATE_METHOD_MATCH = YES;
				COPY_PHASE_STRIP = NO;
				DEBUG_INFORMATION_FORMAT = dwarf;
				ENABLE_STRICT_OBJC_MSGSEND = YES;
				ENABLE_TESTABILITY = YES;
				ENABLE_USER_SCRIPT_SANDBOXING = YES;
				GCC_C_LANGUAGE_STANDARD = gnu17;
				GCC_DYNAMIC_NO_PIC = NO;
				GCC_NO_COMMON_BLOCKS = YES;
				GCC_OPTIMIZATION_LEVEL = 0;
				GCC_PREPROCESSOR_DEFINITIONS = (
					"DEBUG=1",
					"$(inherited)",
				);
				GCC_WARN_64_TO_32_BIT_CONVERSION = YES;
				GCC_WARN_ABOUT_RETURN_TYPE = YES_ERROR;
				GCC_WARN_UNDECLARED_SELECTOR = YES;
				GCC_WARN_UNINITIALIZED_AUTOS = YES_AGGRESSIVE;
				GCC_WARN_UNUSED_FUNCTION = YES;
				GCC_WARN_UNUSED_VARIABLE = YES;
				IPHONEOS_DEPLOYMENT_TARGET = 17.5;
				LOCALIZATION_PREFERS_STRING_CATALOGS = YES;
				MTL_ENABLE_DEBUG_INFO = INCLUDE_SOURCE;
				MTL_FAST_MATH = YES;
				ONLY_ACTIVE_ARCH = YES;
				SDKROOT = iphoneos;
				SWIFT_ACTIVE_COMPILATION_CONDITIONS = "DEBUG $(inherited)";
				SWIFT_OPTIMIZATION_LEVEL = "-Onone";
			};
			name = Debug;
		};
		C95D73782CB4CD9F00B739EE /* Release */ = {
			isa = XCBuildConfiguration;
			buildSettings = {
				ALWAYS_SEARCH_USER_PATHS = NO;
				ASSETCATALOG_COMPILER_GENERATE_SWIFT_ASSET_SYMBOL_EXTENSIONS = YES;
				CLANG_ANALYZER_NONNULL = YES;
				CLANG_ANALYZER_NUMBER_OBJECT_CONVERSION = YES_AGGRESSIVE;
				CLANG_CXX_LANGUAGE_STANDARD = "gnu++20";
				CLANG_ENABLE_MODULES = YES;
				CLANG_ENABLE_OBJC_ARC = YES;
				CLANG_ENABLE_OBJC_WEAK = YES;
				CLANG_WARN_BLOCK_CAPTURE_AUTORELEASING = YES;
				CLANG_WARN_BOOL_CONVERSION = YES;
				CLANG_WARN_COMMA = YES;
				CLANG_WARN_CONSTANT_CONVERSION = YES;
				CLANG_WARN_DEPRECATED_OBJC_IMPLEMENTATIONS = YES;
				CLANG_WARN_DIRECT_OBJC_ISA_USAGE = YES_ERROR;
				CLANG_WARN_DOCUMENTATION_COMMENTS = YES;
				CLANG_WARN_EMPTY_BODY = YES;
				CLANG_WARN_ENUM_CONVERSION = YES;
				CLANG_WARN_INFINITE_RECURSION = YES;
				CLANG_WARN_INT_CONVERSION = YES;
				CLANG_WARN_NON_LITERAL_NULL_CONVERSION = YES;
				CLANG_WARN_OBJC_IMPLICIT_RETAIN_SELF = YES;
				CLANG_WARN_OBJC_LITERAL_CONVERSION = YES;
				CLANG_WARN_OBJC_ROOT_CLASS = YES_ERROR;
				CLANG_WARN_QUOTED_INCLUDE_IN_FRAMEWORK_HEADER = YES;
				CLANG_WARN_RANGE_LOOP_ANALYSIS = YES;
				CLANG_WARN_STRICT_PROTOTYPES = YES;
				CLANG_WARN_SUSPICIOUS_MOVE = YES;
				CLANG_WARN_UNGUARDED_AVAILABILITY = YES_AGGRESSIVE;
				CLANG_WARN_UNREACHABLE_CODE = YES;
				CLANG_WARN__DUPLICATE_METHOD_MATCH = YES;
				COPY_PHASE_STRIP = NO;
				DEBUG_INFORMATION_FORMAT = "dwarf-with-dsym";
				ENABLE_NS_ASSERTIONS = NO;
				ENABLE_STRICT_OBJC_MSGSEND = YES;
				ENABLE_USER_SCRIPT_SANDBOXING = YES;
				GCC_C_LANGUAGE_STANDARD = gnu17;
				GCC_NO_COMMON_BLOCKS = YES;
				GCC_WARN_64_TO_32_BIT_CONVERSION = YES;
				GCC_WARN_ABOUT_RETURN_TYPE = YES_ERROR;
				GCC_WARN_UNDECLARED_SELECTOR = YES;
				GCC_WARN_UNINITIALIZED_AUTOS = YES_AGGRESSIVE;
				GCC_WARN_UNUSED_FUNCTION = YES;
				GCC_WARN_UNUSED_VARIABLE = YES;
				IPHONEOS_DEPLOYMENT_TARGET = 17.5;
				LOCALIZATION_PREFERS_STRING_CATALOGS = YES;
				MTL_ENABLE_DEBUG_INFO = NO;
				MTL_FAST_MATH = YES;
				SDKROOT = iphoneos;
				SWIFT_COMPILATION_MODE = wholemodule;
				VALIDATE_PRODUCT = YES;
			};
			name = Release;
		};
		C95D737A2CB4CD9F00B739EE /* Debug */ = {
			isa = XCBuildConfiguration;
			buildSettings = {
				ASSETCATALOG_COMPILER_APPICON_NAME = AppIcon;
				ASSETCATALOG_COMPILER_GLOBAL_ACCENT_COLOR_NAME = AccentColor;
				CODE_SIGN_STYLE = Automatic;
				CURRENT_PROJECT_VERSION = 1;
				DEVELOPMENT_ASSET_PATHS = "\"Landmarks/Preview Content\"";
				DEVELOPMENT_TEAM = YMLG3QVVWG;
				ENABLE_PREVIEWS = YES;
				GENERATE_INFOPLIST_FILE = YES;
				INFOPLIST_KEY_UIApplicationSceneManifest_Generation = YES;
				INFOPLIST_KEY_UIApplicationSupportsIndirectInputEvents = YES;
				INFOPLIST_KEY_UILaunchScreen_Generation = YES;
				INFOPLIST_KEY_UISupportedInterfaceOrientations_iPad = "UIInterfaceOrientationPortrait UIInterfaceOrientationPortraitUpsideDown UIInterfaceOrientationLandscapeLeft UIInterfaceOrientationLandscapeRight";
				INFOPLIST_KEY_UISupportedInterfaceOrientations_iPhone = "UIInterfaceOrientationPortrait UIInterfaceOrientationLandscapeLeft UIInterfaceOrientationLandscapeRight";
				LD_RUNPATH_SEARCH_PATHS = (
					"$(inherited)",
					"@executable_path/Frameworks",
				);
				MARKETING_VERSION = 1.0;
				PRODUCT_BUNDLE_IDENTIFIER = com.study.Landmarks;
				PRODUCT_NAME = "$(TARGET_NAME)";
				SWIFT_EMIT_LOC_STRINGS = YES;
				SWIFT_VERSION = 5.0;
				TARGETED_DEVICE_FAMILY = "1,2";
			};
			name = Debug;
		};
		C95D737B2CB4CD9F00B739EE /* Release */ = {
			isa = XCBuildConfiguration;
			buildSettings = {
				ASSETCATALOG_COMPILER_APPICON_NAME = AppIcon;
				ASSETCATALOG_COMPILER_GLOBAL_ACCENT_COLOR_NAME = AccentColor;
				CODE_SIGN_STYLE = Automatic;
				CURRENT_PROJECT_VERSION = 1;
				DEVELOPMENT_ASSET_PATHS = "\"Landmarks/Preview Content\"";
				DEVELOPMENT_TEAM = YMLG3QVVWG;
				ENABLE_PREVIEWS = YES;
				GENERATE_INFOPLIST_FILE = YES;
				INFOPLIST_KEY_UIApplicationSceneManifest_Generation = YES;
				INFOPLIST_KEY_UIApplicationSupportsIndirectInputEvents = YES;
				INFOPLIST_KEY_UILaunchScreen_Generation = YES;
				INFOPLIST_KEY_UISupportedInterfaceOrientations_iPad = "UIInterfaceOrientationPortrait UIInterfaceOrientationPortraitUpsideDown UIInterfaceOrientationLandscapeLeft UIInterfaceOrientationLandscapeRight";
				INFOPLIST_KEY_UISupportedInterfaceOrientations_iPhone = "UIInterfaceOrientationPortrait UIInterfaceOrientationLandscapeLeft UIInterfaceOrientationLandscapeRight";
				LD_RUNPATH_SEARCH_PATHS = (
					"$(inherited)",
					"@executable_path/Frameworks",
				);
				MARKETING_VERSION = 1.0;
				PRODUCT_BUNDLE_IDENTIFIER = com.study.Landmarks;
				PRODUCT_NAME = "$(TARGET_NAME)";
				SWIFT_EMIT_LOC_STRINGS = YES;
				SWIFT_VERSION = 5.0;
				TARGETED_DEVICE_FAMILY = "1,2";
			};
			name = Release;
		};
		C95D737D2CB4CD9F00B739EE /* Debug */ = {
			isa = XCBuildConfiguration;
			buildSettings = {
				ALWAYS_EMBED_SWIFT_STANDARD_LIBRARIES = YES;
				BUNDLE_LOADER = "$(TEST_HOST)";
				CODE_SIGN_STYLE = Automatic;
				CURRENT_PROJECT_VERSION = 1;
				DEVELOPMENT_TEAM = YMLG3QVVWG;
				GENERATE_INFOPLIST_FILE = YES;
				IPHONEOS_DEPLOYMENT_TARGET = 17.5;
				MARKETING_VERSION = 1.0;
				PRODUCT_BUNDLE_IDENTIFIER = com.BoostCamp.LandmarksTests;
				PRODUCT_NAME = "$(TARGET_NAME)";
				SWIFT_EMIT_LOC_STRINGS = NO;
				SWIFT_VERSION = 5.0;
				TARGETED_DEVICE_FAMILY = "1,2";
				TEST_HOST = "$(BUILT_PRODUCTS_DIR)/Landmarks.app/$(BUNDLE_EXECUTABLE_FOLDER_PATH)/Landmarks";
			};
			name = Debug;
		};
		C95D737E2CB4CD9F00B739EE /* Release */ = {
			isa = XCBuildConfiguration;
			buildSettings = {
				ALWAYS_EMBED_SWIFT_STANDARD_LIBRARIES = YES;
				BUNDLE_LOADER = "$(TEST_HOST)";
				CODE_SIGN_STYLE = Automatic;
				CURRENT_PROJECT_VERSION = 1;
				DEVELOPMENT_TEAM = YMLG3QVVWG;
				GENERATE_INFOPLIST_FILE = YES;
				IPHONEOS_DEPLOYMENT_TARGET = 17.5;
				MARKETING_VERSION = 1.0;
				PRODUCT_BUNDLE_IDENTIFIER = com.BoostCamp.LandmarksTests;
				PRODUCT_NAME = "$(TARGET_NAME)";
				SWIFT_EMIT_LOC_STRINGS = NO;
				SWIFT_VERSION = 5.0;
				TARGETED_DEVICE_FAMILY = "1,2";
				TEST_HOST = "$(BUILT_PRODUCTS_DIR)/Landmarks.app/$(BUNDLE_EXECUTABLE_FOLDER_PATH)/Landmarks";
			};
			name = Release;
		};
		C95D73802CB4CD9F00B739EE /* Debug */ = {
			isa = XCBuildConfiguration;
			buildSettings = {
				ALWAYS_EMBED_SWIFT_STANDARD_LIBRARIES = YES;
				CODE_SIGN_STYLE = Automatic;
				CURRENT_PROJECT_VERSION = 1;
				DEVELOPMENT_TEAM = YMLG3QVVWG;
				GENERATE_INFOPLIST_FILE = YES;
				MARKETING_VERSION = 1.0;
				PRODUCT_BUNDLE_IDENTIFIER = com.BoostCamp.LandmarksUITests;
				PRODUCT_NAME = "$(TARGET_NAME)";
				SWIFT_EMIT_LOC_STRINGS = NO;
				SWIFT_VERSION = 5.0;
				TARGETED_DEVICE_FAMILY = "1,2";
				TEST_TARGET_NAME = Landmarks;
			};
			name = Debug;
		};
		C95D73812CB4CD9F00B739EE /* Release */ = {
			isa = XCBuildConfiguration;
			buildSettings = {
				ALWAYS_EMBED_SWIFT_STANDARD_LIBRARIES = YES;
				CODE_SIGN_STYLE = Automatic;
				CURRENT_PROJECT_VERSION = 1;
				DEVELOPMENT_TEAM = YMLG3QVVWG;
				GENERATE_INFOPLIST_FILE = YES;
				MARKETING_VERSION = 1.0;
				PRODUCT_BUNDLE_IDENTIFIER = com.BoostCamp.LandmarksUITests;
				PRODUCT_NAME = "$(TARGET_NAME)";
				SWIFT_EMIT_LOC_STRINGS = NO;
				SWIFT_VERSION = 5.0;
				TARGETED_DEVICE_FAMILY = "1,2";
				TEST_TARGET_NAME = Landmarks;
			};
			name = Release;
		};
/* End XCBuildConfiguration section */

/* Begin XCConfigurationList section */
		C95D73502CB4CD9D00B739EE /* Build configuration list for PBXProject "Landmarks" */ = {
			isa = XCConfigurationList;
			buildConfigurations = (
				C95D73772CB4CD9F00B739EE /* Debug */,
				C95D73782CB4CD9F00B739EE /* Release */,
			);
			defaultConfigurationIsVisible = 0;
			defaultConfigurationName = Release;
		};
		C95D73792CB4CD9F00B739EE /* Build configuration list for PBXNativeTarget "Landmarks" */ = {
			isa = XCConfigurationList;
			buildConfigurations = (
				C95D737A2CB4CD9F00B739EE /* Debug */,
				C95D737B2CB4CD9F00B739EE /* Release */,
			);
			defaultConfigurationIsVisible = 0;
			defaultConfigurationName = Release;
		};
		C95D737C2CB4CD9F00B739EE /* Build configuration list for PBXNativeTarget "LandmarksTests" */ = {
			isa = XCConfigurationList;
			buildConfigurations = (
				C95D737D2CB4CD9F00B739EE /* Debug */,
				C95D737E2CB4CD9F00B739EE /* Release */,
			);
			defaultConfigurationIsVisible = 0;
			defaultConfigurationName = Release;
		};
		C95D737F2CB4CD9F00B739EE /* Build configuration list for PBXNativeTarget "LandmarksUITests" */ = {
			isa = XCConfigurationList;
			buildConfigurations = (
				C95D73802CB4CD9F00B739EE /* Debug */,
				C95D73812CB4CD9F00B739EE /* Release */,
			);
			defaultConfigurationIsVisible = 0;
			defaultConfigurationName = Release;
		};
/* End XCConfigurationList section */
	};
	rootObject = C95D734D2CB4CD9D00B739EE /* Project object */;
}
